# This file is automatically generated - do not edit it directly.
# Use https://weblate.rob006.net/projects/flarum/flarum-lock/fr/ for translation.
# You can read more about the process at https://github.com/rob006-software/flarum-translations/wiki.

flarum-lock:
  admin:
    permissions:
      lock_discussions_label: 'Verrouiller les discussions'
  forum:
    badge:
      locked_tooltip: Verrouillée
    discussion_controls:
      lock_button: Verrouiller
      unlock_button: Déverrouiller
    notifications:
      discussion_locked_text: '{username} a verrouillé votre discussion'
    post_stream:
      discussion_locked_text: '{username} a verrouillé cette discussion.'
      discussion_unlocked_text: '{username} a déverrouillé cette discussion.'
    settings:
      notify_discussion_locked_label: 'Quelqu’un verrouille une discussion que j’ai démarrée'
