# This file is automatically generated - do not edit it directly.
# Use https://weblate.rob006.net/projects/flarum/fof-spamblock/fr/ for translation.
# You can read more about the process at https://github.com/rob006-software/flarum-translations/wiki.

fof-spamblock:
  admin:
    permissions:
      spamblock_users_label: 'Marquer l''utilisateur comme spammeur'
  forum:
    user_controls:
      spammer_button: Spammeur
      spammer_confirmation: "Êtes-vous sûr de vouloir \n• Masquer toutes les discussions et tous les messages de l'utilisateur.\n• [flarum/suspend] Suspendre l'utilisateur"
