# This file is automatically generated - do not edit it directly.
# Use https://weblate.rob006.net/projects/flarum/litalino-adblock/fr/ for translation.
# You can read more about the process at https://github.com/rob006-software/flarum-translations/wiki.

adblock:
  admin:
    adblock-action: 'Sélectionner la notice'
    adblock-action-backup: sauvegarde
    adblock-action-help: 'Vous pouvez modifier ici la notice par défaut « message, sauvegarde »'
    adblock-action-message: message
    adblock-action-notice: notice
    adblock-alt: Alt
    adblock-alt-placeholder: 'Attribut Alt dans la balise img'
    adblock-div: 'Ajouter l''étiquette de bannière à l''endroit où le code HTML apparaît'
    adblock-div-placeholder: 'Exemple : « #contenu, .Contenu-App, .PageAccueil, conteneur »'
    adblock-img: Img
    adblock-img-placeholder: 'https://domaine/image.png'
    adblock-notice-content: 'Contenu du message'
    adblock-notice-content-help: 'Vous pouvez modifier ici le contenu'
    adblock-notice-content-placeholder: 'Bonjour. Pouvez-vous nous aider ? Je sais que les publicités sont parfois trop gênantes et que vous souhaitez utiliser un bloqueur de publicités. Cependant, nous vous remercions de nous soutenir en ajoutant Webiste à la liste blanche. Cela nous aidera à maintenir la gratuité de Webiste. Merci pour votre aide !'
    adblock-notice-content-sup: 'Prend en charge le contenu du petit texte ci-dessus'
    adblock-notice-content-sup-placeholder: 'Appuyez sur × pour désactiver les notifications et afficher le contenu.'
    adblock-notice-element: 'Ajouter une balise où les notifications sont affichées'
    adblock-notice-element-placeholder: 'Exemple : « #contenu, .Contenu-App, .PageAccueil, conteneur »'
    adblock-notice-method: 'Style de la notice'
    adblock-notice-method-help: 'Vous pouvez modifier ici le style de la notification'
    adblock-supportRedirectUrl: 'Lien de soutien'
    adblock-supportRedirectUrl-placeholder: 'Collez une URL valide ici ou laissez-la vide'
    adblock-supportUsMessage: 'Message de soutien'
    adblock-supportUsMessage-placeholder: 'Veuillez nous soutenir en désactivant votre bloqueur de publicité sur notre site internet.'
    adblock-supportUsTitle: 'Titre de support'
    adblock-supportUsTitle-placeholder: 'Merci de nous soutenir'
    adblock-url: Url
    adblock-url-placeholder: 'https://domaine'
  forum:
    adblock-notice-content: 'Bonjour. Pouvez-vous nous aider ? Je sais que les publicités sont parfois trop gênantes et que vous souhaitez utiliser un bloqueur de publicités. Cependant, nous vous remercions de nous soutenir en ajoutant Webiste à la liste blanche. Cela nous aidera à maintenir la gratuité de Webiste. Merci pour votre aide !'
    adblock-notice-content-sup: 'Appuyez sur × pour désactiver les notifications et afficher le contenu.'
